
Microsoft Visual Studio Solution File, Format Version 12.00
# Visual Studio 2013
VisualStudioVersion = 12.0.21005.1
MinimumVisualStudioVersion = 10.0.40219.1
Project("{8BC9CEB8-8B4A-11D0-8D11-00A0C91BC942}") = "Detection", "Detection\Detection.vcxproj", "{752A7AF9-DCB3-4B79-B596-14606FF39DB6}"
EndProject
Project("{8BC9CEB8-8B4A-11D0-8D11-00A0C91BC942}") = "FaceDetection", "FaceDetection\FaceDetection\FaceDetection.vcxproj", "{AC620A22-CE9C-4688-9EFA-196FF35D4FBF}"
EndProject
Global
	GlobalSection(SolutionConfigurationPlatforms) = preSolution
		Debug|Win32 = Debug|Win32
		Debug|x64 = Debug|x64
		Release|Win32 = Release|Win32
		Release|x64 = Release|x64
	EndGlobalSection
	GlobalSection(ProjectConfigurationPlatforms) = postSolution
		{752A7AF9-DCB3-4B79-B596-14606FF39DB6}.Debug|Win32.ActiveCfg = Debug|Win32
		{752A7AF9-DCB3-4B79-B596-14606FF39DB6}.Debug|Win32.Build.0 = Debug|Win32
		{752A7AF9-DCB3-4B79-B596-14606FF39DB6}.Debug|x64.ActiveCfg = Release|x64
		{752A7AF9-DCB3-4B79-B596-14606FF39DB6}.Debug|x64.Build.0 = Release|x64
		{752A7AF9-DCB3-4B79-B596-14606FF39DB6}.Release|Win32.ActiveCfg = Release|Win32
		{752A7AF9-DCB3-4B79-B596-14606FF39DB6}.Release|Win32.Build.0 = Release|Win32
		{752A7AF9-DCB3-4B79-B596-14606FF39DB6}.Release|x64.ActiveCfg = Release|x64
		{752A7AF9-DCB3-4B79-B596-14606FF39DB6}.Release|x64.Build.0 = Release|x64
		{AC620A22-CE9C-4688-9EFA-196FF35D4FBF}.Debug|Win32.ActiveCfg = Debug|Win32
		{AC620A22-CE9C-4688-9EFA-196FF35D4FBF}.Debug|Win32.Build.0 = Debug|Win32
		{AC620A22-CE9C-4688-9EFA-196FF35D4FBF}.Debug|x64.ActiveCfg = Release|x64
		{AC620A22-CE9C-4688-9EFA-196FF35D4FBF}.Debug|x64.Build.0 = Release|x64
		{AC620A22-CE9C-4688-9EFA-196FF35D4FBF}.Release|Win32.ActiveCfg = Release|Win32
		{AC620A22-CE9C-4688-9EFA-196FF35D4FBF}.Release|Win32.Build.0 = Release|Win32
		{AC620A22-CE9C-4688-9EFA-196FF35D4FBF}.Release|x64.ActiveCfg = Release|x64
		{AC620A22-CE9C-4688-9EFA-196FF35D4FBF}.Release|x64.Build.0 = Release|x64
	EndGlobalSection
	GlobalSection(SolutionProperties) = preSolution
		HideSolutionNode = FALSE
	EndGlobalSection
EndGlobal
